
Microsoft Visual Studio Solution File, Format Version 12.00
# Visual Studio 14
VisualStudioVersion = 14.0.25420.1
MinimumVisualStudioVersion = 10.0.40219.1
Project("{2150E333-8FDC-42A3-9474-1A3956D46DE8}") = "Using flex", "Using flex", "{B76C9F1E-EA77-4874-82D0-37F5441C5103}"
	ProjectSection(SolutionItems) = preProject
		Using flex\home.html = Using flex\home.html
		Using flex\styles.css = Using flex\styles.css
	EndProjectSection
EndProject
Project("{2150E333-8FDC-42A3-9474-1A3956D46DE8}") = "Without flex", "Without flex", "{4530B186-DE04-4DD2-B365-5AE99024A799}"
	ProjectSection(SolutionItems) = preProject
		Without flex\home.html = Without flex\home.html
		Without flex\styles.css = Without flex\styles.css
	EndProjectSection
EndProject
Project("{2150E333-8FDC-42A3-9474-1A3956D46DE8}") = "Using bootstrap and less", "Using bootstrap and less", "{8AD578DD-DE83-4B6F-B856-440EC8EA9574}"
	ProjectSection(SolutionItems) = preProject
		Using LESS and bootstrap\styles\colors.less = Using LESS and bootstrap\styles\colors.less
		Using LESS and bootstrap\home.html = Using LESS and bootstrap\home.html
		Using LESS and bootstrap\styles\mixins.less = Using LESS and bootstrap\styles\mixins.less
		Using LESS and bootstrap\styles\skill-values.css = Using LESS and bootstrap\styles\skill-values.css
		Using LESS and bootstrap\styles\styles.less = Using LESS and bootstrap\styles\styles.less
	EndProjectSection
EndProject
Global
	GlobalSection(SolutionProperties) = preSolution
		HideSolutionNode = FALSE
	EndGlobalSection
EndGlobal
